
Microsoft Visual Studio Solution File, Format Version 12.00
# Visual Studio Version 17
VisualStudioVersion = 17.10.34928.147
MinimumVisualStudioVersion = 10.0.40219.1
Project("{9A19103F-16F7-4668-BE54-9A1E7A4F7556}") = "BeeProductive", "BeeProductive\BeeProductive.csproj", "{E8DB5272-2439-4EC7-954D-F0786EBD71EA}"
EndProject
Project("{9A19103F-16F7-4668-BE54-9A1E7A4F7556}") = "DatabaseEntities", "database\DatabaseEntities.csproj", "{63DB8606-E8D9-4EDA-9212-45625C84DB7D}"
EndProject
Project("{9A19103F-16F7-4668-BE54-9A1E7A4F7556}") = "Tests", "Tests\Tests.csproj", "{60B4C1DB-5CF4-4C64-BD4D-D42676F05CDC}"
EndProject
Project("{9A19103F-16F7-4668-BE54-9A1E7A4F7556}") = "Services", "Services\Services.csproj", "{B124037C-A0B6-4B15-915F-CE8C1FD6B8FD}"
EndProject
Global
	GlobalSection(SolutionConfigurationPlatforms) = preSolution
		Debug|Any CPU = Debug|Any CPU
		Release|Any CPU = Release|Any CPU
	EndGlobalSection
	GlobalSection(ProjectConfigurationPlatforms) = postSolution
		{E8DB5272-2439-4EC7-954D-F0786EBD71EA}.Debug|Any CPU.ActiveCfg = Debug|Any CPU
		{E8DB5272-2439-4EC7-954D-F0786EBD71EA}.Debug|Any CPU.Build.0 = Debug|Any CPU
		{E8DB5272-2439-4EC7-954D-F0786EBD71EA}.Release|Any CPU.ActiveCfg = Release|Any CPU
		{E8DB5272-2439-4EC7-954D-F0786EBD71EA}.Release|Any CPU.Build.0 = Release|Any CPU
		{63DB8606-E8D9-4EDA-9212-45625C84DB7D}.Debug|Any CPU.ActiveCfg = Debug|Any CPU
		{63DB8606-E8D9-4EDA-9212-45625C84DB7D}.Debug|Any CPU.Build.0 = Debug|Any CPU
		{63DB8606-E8D9-4EDA-9212-45625C84DB7D}.Release|Any CPU.ActiveCfg = Release|Any CPU
		{63DB8606-E8D9-4EDA-9212-45625C84DB7D}.Release|Any CPU.Build.0 = Release|Any CPU
		{60B4C1DB-5CF4-4C64-BD4D-D42676F05CDC}.Debug|Any CPU.ActiveCfg = Debug|Any CPU
		{60B4C1DB-5CF4-4C64-BD4D-D42676F05CDC}.Debug|Any CPU.Build.0 = Debug|Any CPU
		{60B4C1DB-5CF4-4C64-BD4D-D42676F05CDC}.Release|Any CPU.ActiveCfg = Release|Any CPU
		{60B4C1DB-5CF4-4C64-BD4D-D42676F05CDC}.Release|Any CPU.Build.0 = Release|Any CPU
		{B124037C-A0B6-4B15-915F-CE8C1FD6B8FD}.Debug|Any CPU.ActiveCfg = Debug|Any CPU
		{B124037C-A0B6-4B15-915F-CE8C1FD6B8FD}.Debug|Any CPU.Build.0 = Debug|Any CPU
		{B124037C-A0B6-4B15-915F-CE8C1FD6B8FD}.Release|Any CPU.ActiveCfg = Release|Any CPU
		{B124037C-A0B6-4B15-915F-CE8C1FD6B8FD}.Release|Any CPU.Build.0 = Release|Any CPU
	EndGlobalSection
	GlobalSection(SolutionProperties) = preSolution
		HideSolutionNode = FALSE
	EndGlobalSection
	GlobalSection(ExtensibilityGlobals) = postSolution
		SolutionGuid = {A94CDAE0-88D0-4F6B-B5B1-FEF2D4B4A9AC}
	EndGlobalSection
EndGlobal
